
Microsoft Visual Studio Solution File, Format Version 12.00
# Visual Studio Version 16
VisualStudioVersion = 16.0.30804.86
MinimumVisualStudioVersion = 10.0.40219.1
Project("{9A19103F-16F7-4668-BE54-9A1E7A4F7556}") = "DataAccess", "DataAccess\DataAccess.csproj", "{909E2FC6-A4A1-4AB3-8188-51654EB39D72}"
EndProject
Project("{9A19103F-16F7-4668-BE54-9A1E7A4F7556}") = "SysMediPlus", "SysMediPlus\SysMediPlus.csproj", "{FB7831EE-3764-41C6-8E1B-12E43ADEDBE2}"
EndProject
Project("{9A19103F-16F7-4668-BE54-9A1E7A4F7556}") = "SysMediPlusWeb", "SysMediPlusWeb\SysMediPlusWeb.csproj", "{9C7F8F4D-9A75-48B9-BBEE-B94E82BE3457}"
EndProject
Global
	GlobalSection(SolutionConfigurationPlatforms) = preSolution
		Debug|Any CPU = Debug|Any CPU
		Release|Any CPU = Release|Any CPU
	EndGlobalSection
	GlobalSection(ProjectConfigurationPlatforms) = postSolution
		{909E2FC6-A4A1-4AB3-8188-51654EB39D72}.Debug|Any CPU.ActiveCfg = Debug|Any CPU
		{909E2FC6-A4A1-4AB3-8188-51654EB39D72}.Debug|Any CPU.Build.0 = Debug|Any CPU
		{909E2FC6-A4A1-4AB3-8188-51654EB39D72}.Release|Any CPU.ActiveCfg = Release|Any CPU
		{909E2FC6-A4A1-4AB3-8188-51654EB39D72}.Release|Any CPU.Build.0 = Release|Any CPU
		{FB7831EE-3764-41C6-8E1B-12E43ADEDBE2}.Debug|Any CPU.ActiveCfg = Debug|Any CPU
		{FB7831EE-3764-41C6-8E1B-12E43ADEDBE2}.Debug|Any CPU.Build.0 = Debug|Any CPU
		{FB7831EE-3764-41C6-8E1B-12E43ADEDBE2}.Release|Any CPU.ActiveCfg = Release|Any CPU
		{FB7831EE-3764-41C6-8E1B-12E43ADEDBE2}.Release|Any CPU.Build.0 = Release|Any CPU
		{9C7F8F4D-9A75-48B9-BBEE-B94E82BE3457}.Debug|Any CPU.ActiveCfg = Debug|Any CPU
		{9C7F8F4D-9A75-48B9-BBEE-B94E82BE3457}.Debug|Any CPU.Build.0 = Debug|Any CPU
		{9C7F8F4D-9A75-48B9-BBEE-B94E82BE3457}.Release|Any CPU.ActiveCfg = Release|Any CPU
		{9C7F8F4D-9A75-48B9-BBEE-B94E82BE3457}.Release|Any CPU.Build.0 = Release|Any CPU
	EndGlobalSection
	GlobalSection(SolutionProperties) = preSolution
		HideSolutionNode = FALSE
	EndGlobalSection
	GlobalSection(ExtensibilityGlobals) = postSolution
		SolutionGuid = {E586AE6B-C0BE-4D62-B6C2-51ED32358CD7}
	EndGlobalSection
EndGlobal
